// !$*UTF8*$!
{
	archiveVersion = 1;
	classes = {
	};
	objectVersion = 50;
	objects = {

/* Begin PBXBuildFile section */
		066A068D23D466F70065E5AA /* AppDelegate.swift in Sources */ = {isa = PBXBuildFile; fileRef = 066A068C23D466F70065E5AA /* AppDelegate.swift */; };
		066A068F23D466F70065E5AA /* SceneDelegate.swift in Sources */ = {isa = PBXBuildFile; fileRef = 066A068E23D466F70065E5AA /* SceneDelegate.swift */; };
		066A069123D466F70065E5AA /* ViewController.swift in Sources */ = {isa = PBXBuildFile; fileRef = 066A069023D466F70065E5AA /* ViewController.swift */; };
		066A069423D466F70065E5AA /* Main.storyboard in Resources */ = {isa = PBXBuildFile; fileRef = 066A069223D466F70065E5AA /* Main.storyboard */; };
		066A069623D466F80065E5AA /* Assets.xcassets in Resources */ = {isa = PBXBuildFile; fileRef = 066A069523D466F80065E5AA /* Assets.xcassets */; };
		066A069923D466F80065E5AA /* LaunchScreen.storyboard in Resources */ = {isa = PBXBuildFile; fileRef = 066A069723D466F80065E5AA /* LaunchScreen.storyboard */; };
		066A06A323D46AEC0065E5AA /* sample1.jpeg in Resources */ = {isa = PBXBuildFile; fileRef = 066A06A223D46AEC0065E5AA /* sample1.jpeg */; };
		066A06A523D46B5D0065E5AA /* sample2.jpeg in Resources */ = {isa = PBXBuildFile; fileRef = 066A06A423D46B5D0065E5AA /* sample2.jpeg */; };
		066A06A723D46C3C0065E5AA /* sample3.jpeg in Resources */ = {isa = PBXBuildFile; fileRef = 066A06A623D46C3C0065E5AA /* sample3.jpeg */; };
		066A06A923D46C7A0065E5AA /* sample4.jpeg in Resources */ = {isa = PBXBuildFile; fileRef = 066A06A823D46C7A0065E5AA /* sample4.jpeg */; };
		066A06AB23D770950065E5AA /* ExpViewController.swift in Sources */ = {isa = PBXBuildFile; fileRef = 066A06AA23D770950065E5AA /* ExpViewController.swift */; };
/* End PBXBuildFile section */

/* Begin PBXFileReference section */
		066A068923D466F70065E5AA /* SlideshowApp.app */ = {isa = PBXFileReference; explicitFileType = wrapper.application; includeInIndex = 0; path = SlideshowApp.app; sourceTree = BUILT_PRODUCTS_DIR; };
		066A068C23D466F70065E5AA /* AppDelegate.swift */ = {isa = PBXFileReference; lastKnownFileType = sourcecode.swift; path = AppDelegate.swift; sourceTree = "<group>"; };
		066A068E23D466F70065E5AA /* SceneDelegate.swift */ = {isa = PBXFileReference; lastKnownFileType = sourcecode.swift; path = SceneDelegate.swift; sourceTree = "<group>"; };
		066A069023D466F70065E5AA /* ViewController.swift */ = {isa = PBXFileReference; lastKnownFileType = sourcecode.swift; path = ViewController.swift; sourceTree = "<group>"; };
		066A069323D466F70065E5AA /* Base */ = {isa = PBXFileReference; lastKnownFileType = file.storyboard; name = Base; path = Base.lproj/Main.storyboard; sourceTree = "<group>"; };
		066A069523D466F80065E5AA /* Assets.xcassets */ = {isa = PBXFileReference; lastKnownFileType = folder.assetcatalog; path = Assets.xcassets; sourceTree = "<group>"; };
		066A069823D466F80065E5AA /* Base */ = {isa = PBXFileReference; lastKnownFileType = file.storyboard; name = Base; path = Base.lproj/LaunchScreen.storyboard; sourceTree = "<group>"; };
		066A069A23D466F80065E5AA /* Info.plist */ = {isa = PBXFileReference; lastKnownFileType = text.plist.xml; path = Info.plist; sourceTree = "<group>"; };
		066A06A223D46AEC0065E5AA /* sample1.jpeg */ = {isa = PBXFileReference; lastKnownFileType = image.jpeg; path = sample1.jpeg; sourceTree = "<group>"; };
		066A06A423D46B5D0065E5AA /* sample2.jpeg */ = {isa = PBXFileReference; lastKnownFileType = image.jpeg; path = sample2.jpeg; sourceTree = "<group>"; };
		066A06A623D46C3C0065E5AA /* sample3.jpeg */ = {isa = PBXFileReference; lastKnownFileType = image.jpeg; path = sample3.jpeg; sourceTree = "<group>"; };
		066A06A823D46C7A0065E5AA /* sample4.jpeg */ = {isa = PBXFileReference; lastKnownFileType = image.jpeg; path = sample4.jpeg; sourceTree = "<group>"; };
		066A06AA23D770950065E5AA /* ExpViewController.swift */ = {isa = PBXFileReference; lastKnownFileType = sourcecode.swift; path = ExpViewController.swift; sourceTree = "<group>"; };
/* End PBXFileReference section */

/* Begin PBXFrameworksBuildPhase section */
		066A068623D466F70065E5AA /* Frameworks */ = {
			isa = PBXFrameworksBuildPhase;
			buildActionMask = 2147483647;
			files = (
			);
			runOnlyForDeploymentPostprocessing = 0;
		};
/* End PBXFrameworksBuildPhase section */

/* Begin PBXGroup section */
		066A068023D466F70065E5AA = {
			isa = PBXGroup;
			children = (
				066A06A123D469A00065E5AA /* Image */,
				066A068B23D466F70065E5AA /* SlideshowApp */,
				066A068A23D466F70065E5AA /* Products */,
			);
			sourceTree = "<group>";
		};
		066A068A23D466F70065E5AA /* Products */ = {
			isa = PBXGroup;
			children = (
				066A068923D466F70065E5AA /* SlideshowApp.app */,
			);
			name = Products;
			sourceTree = "<group>";
		};
		066A068B23D466F70065E5AA /* SlideshowApp */ = {
			isa = PBXGroup;
			children = (
				066A068C23D466F70065E5AA /* AppDelegate.swift */,
				066A068E23D466F70065E5AA /* SceneDelegate.swift */,
				066A069023D466F70065E5AA /* ViewController.swift */,
				066A069223D466F70065E5AA /* Main.storyboard */,
				066A06AA23D770950065E5AA /* ExpViewController.swift */,
				066A069523D466F80065E5AA /* Assets.xcassets */,
				066A069723D466F80065E5AA /* LaunchScreen.storyboard */,
				066A069A23D466F80065E5AA /* Info.plist */,
			);
			path = SlideshowApp;
			sourceTree = "<group>";
		};
		066A06A123D469A00065E5AA /* Image */ = {
			isa = PBXGroup;
			children = (
				066A06A223D46AEC0065E5AA /* sample1.jpeg */,
				066A06A423D46B5D0065E5AA /* sample2.jpeg */,
				066A06A623D46C3C0065E5AA /* sample3.jpeg */,
				066A06A823D46C7A0065E5AA /* sample4.jpeg */,
			);
			path = Image;
			sourceTree = "<group>";
		};
/* End PBXGroup section */

/* Begin PBXNativeTarget section */
		066A068823D466F70065E5AA /* SlideshowApp */ = {
			isa = PBXNativeTarget;
			buildConfigurationList = 066A069D23D466F80065E5AA /* Build configuration list for PBXNativeTarget "SlideshowApp" */;
			buildPhases = (
				066A068523D466F70065E5AA /* Sources */,
				066A068623D466F70065E5AA /* Frameworks */,
				066A068723D466F70065E5AA /* Resources */,
			);
			buildRules = (
			);
			dependencies = (
			);
			name = SlideshowApp;
			productName = SlideshowApp;
			productReference = 066A068923D466F70065E5AA /* SlideshowApp.app */;
			productType = "com.apple.product-type.application";
		};
/* End PBXNativeTarget section */

/* Begin PBXProject section */
		066A068123D466F70065E5AA /* Project object */ = {
			isa = PBXProject;
			attributes = {
				LastSwiftUpdateCheck = 1110;
				LastUpgradeCheck = 1110;
				ORGANIZATIONNAME = masahiro.mukai;
				TargetAttributes = {
					066A068823D466F70065E5AA = {
						CreatedOnToolsVersion = 11.1;
					};
				};
			};
			buildConfigurationList = 066A068423D466F70065E5AA /* Build configuration list for PBXProject "SlideshowApp" */;
			compatibilityVersion = "Xcode 9.3";
			developmentRegion = en;
			hasScannedForEncodings = 0;
			knownRegions = (
				en,
				Base,
			);
			mainGroup = 066A068023D466F70065E5AA;
			productRefGroup = 066A068A23D466F70065E5AA /* Products */;
			projectDirPath = "";
			projectRoot = "";
			targets = (
				066A068823D466F70065E5AA /* SlideshowApp */,
			);
		};
/* End PBXProject section */

/* Begin PBXResourcesBuildPhase section */
		066A068723D466F70065E5AA /* Resources */ = {
			isa = PBXResourcesBuildPhase;
			buildActionMask = 2147483647;
			files = (
				066A069923D466F80065E5AA /* LaunchScreen.storyboard in Resources */,
				066A06A923D46C7A0065E5AA /* sample4.jpeg in Resources */,
				066A06A523D46B5D0065E5AA /* sample2.jpeg in Resources */,
				066A06A323D46AEC0065E5AA /* sample1.jpeg in Resources */,
				066A069623D466F80065E5AA /* Assets.xcassets in Resources */,
				066A069423D466F70065E5AA /* Main.storyboard in Resources */,
				066A06A723D46C3C0065E5AA /* sample3.jpeg in Resources */,
			);
			runOnlyForDeploymentPostprocessing = 0;
		};
/* End PBXResourcesBuildPhase section */

/* Begin PBXSourcesBuildPhase section */
		066A068523D466F70065E5AA /* Sources */ = {
			isa = PBXSourcesBuildPhase;
			buildActionMask = 2147483647;
			files = (
				066A069123D466F70065E5AA /* ViewController.swift in Sources */,
				066A068D23D466F70065E5AA /* AppDelegate.swift in Sources */,
				066A06AB23D770950065E5AA /* ExpViewController.swift in Sources */,
				066A068F23D466F70065E5AA /* SceneDelegate.swift in Sources */,
			);
			runOnlyForDeploymentPostprocessing = 0;
		};
/* End PBXSourcesBuildPhase section */

/* Begin PBXVariantGroup section */
		066A069223D466F70065E5AA /* Main.storyboard */ = {
			isa = PBXVariantGroup;
			children = (
				066A069323D466F70065E5AA /* Base */,
			);
			name = Main.storyboard;
			sourceTree = "<group>";
		};
		066A069723D466F80065E5AA /* LaunchScreen.storyboard */ = {
			isa = PBXVariantGroup;
			children = (
				066A069823D466F80065E5AA /* Base */,
			);
			name = LaunchScreen.storyboard;
			sourceTree = "<group>";
		};
/* End PBXVariantGroup section */

/* Begin XCBuildConfiguration section */
		066A069B23D466F80065E5AA /* Debug */ = {
			isa = XCBuildConfiguration;
			buildSettings = {
				ALWAYS_SEARCH_USER_PATHS = NO;
				CLANG_ANALYZER_NONNULL = YES;
				CLANG_ANALYZER_NUMBER_OBJECT_CONVERSION = YES_AGGRESSIVE;
				CLANG_CXX_LANGUAGE_STANDARD = "gnu++14";
				CLANG_CXX_LIBRARY = "libc++";
				CLANG_ENABLE_MODULES = YES;
				CLANG_ENABLE_OBJC_ARC = YES;
				CLANG_ENABLE_OBJC_WEAK = YES;
				CLANG_WARN_BLOCK_CAPTURE_AUTORELEASING = YES;
				CLANG_WARN_BOOL_CONVERSION = YES;
				CLANG_WARN_COMMA = YES;
				CLANG_WARN_CONSTANT_CONVERSION = YES;
				CLANG_WARN_DEPRECATED_OBJC_IMPLEMENTATIONS = YES;
				CLANG_WARN_DIRECT_OBJC_ISA_USAGE = YES_ERROR;
				CLANG_WARN_DOCUMENTATION_COMMENTS = YES;
				CLANG_WARN_EMPTY_BODY = YES;
				CLANG_WARN_ENUM_CONVERSION = YES;
				CLANG_WARN_INFINITE_RECURSION = YES;
				CLANG_WARN_INT_CONVERSION = YES;
				CLANG_WARN_NON_LITERAL_NULL_CONVERSION = YES;
				CLANG_WARN_OBJC_IMPLICIT_RETAIN_SELF = YES;
				CLANG_WARN_OBJC_LITERAL_CONVERSION = YES;
				CLANG_WARN_OBJC_ROOT_CLASS = YES_ERROR;
				CLANG_WARN_RANGE_LOOP_ANALYSIS = YES;
				CLANG_WARN_STRICT_PROTOTYPES = YES;
				CLANG_WARN_SUSPICIOUS_MOVE = YES;
				CLANG_WARN_UNGUARDED_AVAILABILITY = YES_AGGRESSIVE;
				CLANG_WARN_UNREACHABLE_CODE = YES;
				CLANG_WARN__DUPLICATE_METHOD_MATCH = YES;
				COPY_PHASE_STRIP = NO;
				DEBUG_INFORMATION_FORMAT = dwarf;
				ENABLE_STRICT_OBJC_MSGSEND = YES;
				ENABLE_TESTABILITY = YES;
				GCC_C_LANGUAGE_STANDARD = gnu11;
				GCC_DYNAMIC_NO_PIC = NO;
				GCC_NO_COMMON_BLOCKS = YES;
				GCC_OPTIMIZATION_LEVEL = 0;
				GCC_PREPROCESSOR_DEFINITIONS = (
					"DEBUG=1",
					"$(inherited)",
				);
				GCC_WARN_64_TO_32_BIT_CONVERSION = YES;
				GCC_WARN_ABOUT_RETURN_TYPE = YES_ERROR;
				GCC_WARN_UNDECLARED_SELECTOR = YES;
				GCC_WARN_UNINITIALIZED_AUTOS = YES_AGGRESSIVE;
				GCC_WARN_UNUSED_FUNCTION = YES;
				GCC_WARN_UNUSED_VARIABLE = YES;
				IPHONEOS_DEPLOYMENT_TARGET = 13.1;
				MTL_ENABLE_DEBUG_INFO = INCLUDE_SOURCE;
				MTL_FAST_MATH = YES;
				ONLY_ACTIVE_ARCH = YES;
				SDKROOT = iphoneos;
				SWIFT_ACTIVE_COMPILATION_CONDITIONS = DEBUG;
				SWIFT_OPTIMIZATION_LEVEL = "-Onone";
			};
			name = Debug;
		};
		066A069C23D466F80065E5AA /* Release */ = {
			isa = XCBuildConfiguration;
			buildSettings = {
				ALWAYS_SEARCH_USER_PATHS = NO;
				CLANG_ANALYZER_NONNULL = YES;
				CLANG_ANALYZER_NUMBER_OBJECT_CONVERSION = YES_AGGRESSIVE;
				CLANG_CXX_LANGUAGE_STANDARD = "gnu++14";
				CLANG_CXX_LIBRARY = "libc++";
				CLANG_ENABLE_MODULES = YES;
				CLANG_ENABLE_OBJC_ARC = YES;
				CLANG_ENABLE_OBJC_WEAK = YES;
				CLANG_WARN_BLOCK_CAPTURE_AUTORELEASING = YES;
				CLANG_WARN_BOOL_CONVERSION = YES;
				CLANG_WARN_COMMA = YES;
				CLANG_WARN_CONSTANT_CONVERSION = YES;
				CLANG_WARN_DEPRECATED_OBJC_IMPLEMENTATIONS = YES;
				CLANG_WARN_DIRECT_OBJC_ISA_USAGE = YES_ERROR;
				CLANG_WARN_DOCUMENTATION_COMMENTS = YES;
				CLANG_WARN_EMPTY_BODY = YES;
				CLANG_WARN_ENUM_CONVERSION = YES;
				CLANG_WARN_INFINITE_RECURSION = YES;
				CLANG_WARN_INT_CONVERSION = YES;
				CLANG_WARN_NON_LITERAL_NULL_CONVERSION = YES;
				CLANG_WARN_OBJC_IMPLICIT_RETAIN_SELF = YES;
				CLANG_WARN_OBJC_LITERAL_CONVERSION = YES;
				CLANG_WARN_OBJC_ROOT_CLASS = YES_ERROR;
				CLANG_WARN_RANGE_LOOP_ANALYSIS = YES;
				CLANG_WARN_STRICT_PROTOTYPES = YES;
				CLANG_WARN_SUSPICIOUS_MOVE = YES;
				CLANG_WARN_UNGUARDED_AVAILABILITY = YES_AGGRESSIVE;
				CLANG_WARN_UNREACHABLE_CODE = YES;
				CLANG_WARN__DUPLICATE_METHOD_MATCH = YES;
				COPY_PHASE_STRIP = NO;
				DEBUG_INFORMATION_FORMAT = "dwarf-with-dsym";
				ENABLE_NS_ASSERTIONS = NO;
				ENABLE_STRICT_OBJC_MSGSEND = YES;
				GCC_C_LANGUAGE_STANDARD = gnu11;
				GCC_NO_COMMON_BLOCKS = YES;
				GCC_WARN_64_TO_32_BIT_CONVERSION = YES;
				GCC_WARN_ABOUT_RETURN_TYPE = YES_ERROR;
				GCC_WARN_UNDECLARED_SELECTOR = YES;
				GCC_WARN_UNINITIALIZED_AUTOS = YES_AGGRESSIVE;
				GCC_WARN_UNUSED_FUNCTION = YES;
				GCC_WARN_UNUSED_VARIABLE = YES;
				IPHONEOS_DEPLOYMENT_TARGET = 13.1;
				MTL_ENABLE_DEBUG_INFO = NO;
				MTL_FAST_MATH = YES;
				SDKROOT = iphoneos;
				SWIFT_COMPILATION_MODE = wholemodule;
				SWIFT_OPTIMIZATION_LEVEL = "-O";
				VALIDATE_PRODUCT = YES;
			};
			name = Release;
		};
		066A069E23D466F80065E5AA /* Debug */ = {
			isa = XCBuildConfiguration;
			buildSettings = {
				ASSETCATALOG_COMPILER_APPICON_NAME = AppIcon;
				CODE_SIGN_STYLE = Automatic;
				DEVELOPMENT_TEAM = 9ZDZ9P2B24;
				INFOPLIST_FILE = SlideshowApp/Info.plist;
				LD_RUNPATH_SEARCH_PATHS = (
					"$(inherited)",
					"@executable_path/Frameworks",
				);
				PRODUCT_BUNDLE_IDENTIFIER = jp.techacademy.masahiro.mukai.SlideshowApp;
				PRODUCT_NAME = "$(TARGET_NAME)";
				SWIFT_VERSION = 5.0;
				TARGETED_DEVICE_FAMILY = "1,2";
			};
			name = Debug;
		};
		066A069F23D466F80065E5AA /* Release */ = {
			isa = XCBuildConfiguration;
			buildSettings = {
				ASSETCATALOG_COMPILER_APPICON_NAME = AppIcon;
				CODE_SIGN_STYLE = Automatic;
				DEVELOPMENT_TEAM = 9ZDZ9P2B24;
				INFOPLIST_FILE = SlideshowApp/Info.plist;
				LD_RUNPATH_SEARCH_PATHS = (
					"$(inherited)",
					"@executable_path/Frameworks",
				);
				PRODUCT_BUNDLE_IDENTIFIER = jp.techacademy.masahiro.mukai.SlideshowApp;
				PRODUCT_NAME = "$(TARGET_NAME)";
				SWIFT_VERSION = 5.0;
				TARGETED_DEVICE_FAMILY = "1,2";
			};
			name = Release;
		};
/* End XCBuildConfiguration section */

/* Begin XCConfigurationList section */
		066A068423D466F70065E5AA /* Build configuration list for PBXProject "SlideshowApp" */ = {
			isa = XCConfigurationList;
			buildConfigurations = (
				066A069B23D466F80065E5AA /* Debug */,
				066A069C23D466F80065E5AA /* Release */,
			);
			defaultConfigurationIsVisible = 0;
			defaultConfigurationName = Release;
		};
		066A069D23D466F80065E5AA /* Build configuration list for PBXNativeTarget "SlideshowApp" */ = {
			isa = XCConfigurationList;
			buildConfigurations = (
				066A069E23D466F80065E5AA /* Debug */,
				066A069F23D466F80065E5AA /* Release */,
			);
			defaultConfigurationIsVisible = 0;
			defaultConfigurationName = Release;
		};
/* End XCConfigurationList section */
	};
	rootObject = 066A068123D466F70065E5AA /* Project object */;
}
